// !$*UTF8*$!
{
	archiveVersion = 1;
	classes = {
	};
	objectVersion = 46;
	objects = {

/* Begin PBXBuildFile section */
		8B9060A41C0026A100D1E633 /* main.m in Sources */ = {isa = PBXBuildFile; fileRef = 8B9060A31C0026A100D1E633 /* main.m */; };
		8B9060A71C0026A100D1E633 /* AppDelegate.m in Sources */ = {isa = PBXBuildFile; fileRef = 8B9060A61C0026A100D1E633 /* AppDelegate.m */; };
		8B9060AA1C0026A100D1E633 /* ViewController.m in Sources */ = {isa = PBXBuildFile; fileRef = 8B9060A91C0026A100D1E633 /* ViewController.m */; };
		8B9060AD1C0026A100D1E633 /* Main.storyboard in Resources */ = {isa = PBXBuildFile; fileRef = 8B9060AB1C0026A100D1E633 /* Main.storyboard */; };
		8B9060AF1C0026A100D1E633 /* Assets.xcassets in Resources */ = {isa = PBXBuildFile; fileRef = 8B9060AE1C0026A100D1E633 /* Assets.xcassets */; };
		8B9060B21C0026A100D1E633 /* LaunchScreen.storyboard in Resources */ = {isa = PBXBuildFile; fileRef = 8B9060B01C0026A100D1E633 /* LaunchScreen.storyboard */; };
		8B9060BD1C0026A100D1E633 /* LoginJsonTests.m in Sources */ = {isa = PBXBuildFile; fileRef = 8B9060BC1C0026A100D1E633 /* LoginJsonTests.m */; };
		8B9060C81C0026A100D1E633 /* LoginJsonUITests.m in Sources */ = {isa = PBXBuildFile; fileRef = 8B9060C71C0026A100D1E633 /* LoginJsonUITests.m */; };
/* End PBXBuildFile section */

/* Begin PBXContainerItemProxy section */
		8B9060B91C0026A100D1E633 /* PBXContainerItemProxy */ = {
			isa = PBXContainerItemProxy;
			containerPortal = 8B9060971C0026A100D1E633 /* Project object */;
			proxyType = 1;
			remoteGlobalIDString = 8B90609E1C0026A100D1E633;
			remoteInfo = LoginJson;
		};
		8B9060C41C0026A100D1E633 /* PBXContainerItemProxy */ = {
			isa = PBXContainerItemProxy;
			containerPortal = 8B9060971C0026A100D1E633 /* Project object */;
			proxyType = 1;
			remoteGlobalIDString = 8B90609E1C0026A100D1E633;
			remoteInfo = LoginJson;
		};
/* End PBXContainerItemProxy section */

/* Begin PBXFileReference section */
		8B90609F1C0026A100D1E633 /* LoginJson.app */ = {isa = PBXFileReference; explicitFileType = wrapper.application; includeInIndex = 0; path = LoginJson.app; sourceTree = BUILT_PRODUCTS_DIR; };
		8B9060A31C0026A100D1E633 /* main.m */ = {isa = PBXFileReference; lastKnownFileType = sourcecode.c.objc; path = main.m; sourceTree = "<group>"; };
		8B9060A51C0026A100D1E633 /* AppDelegate.h */ = {isa = PBXFileReference; lastKnownFileType = sourcecode.c.h; path = AppDelegate.h; sourceTree = "<group>"; };
		8B9060A61C0026A100D1E633 /* AppDelegate.m */ = {isa = PBXFileReference; lastKnownFileType = sourcecode.c.objc; path = AppDelegate.m; sourceTree = "<group>"; };
		8B9060A81C0026A100D1E633 /* ViewController.h */ = {isa = PBXFileReference; lastKnownFileType = sourcecode.c.h; path = ViewController.h; sourceTree = "<group>"; };
		8B9060A91C0026A100D1E633 /* ViewController.m */ = {isa = PBXFileReference; lastKnownFileType = sourcecode.c.objc; path = ViewController.m; sourceTree = "<group>"; };
		8B9060AC1C0026A100D1E633 /* Base */ = {isa = PBXFileReference; lastKnownFileType = file.storyboard; name = Base; path = Base.lproj/Main.storyboard; sourceTree = "<group>"; };
		8B9060AE1C0026A100D1E633 /* Assets.xcassets */ = {isa = PBXFileReference; lastKnownFileType = folder.assetcatalog; path = Assets.xcassets; sourceTree = "<group>"; };
		8B9060B11C0026A100D1E633 /* Base */ = {isa = PBXFileReference; lastKnownFileType = file.storyboard; name = Base; path = Base.lproj/LaunchScreen.storyboard; sourceTree = "<group>"; };
		8B9060B31C0026A100D1E633 /* Info.plist */ = {isa = PBXFileReference; lastKnownFileType = text.plist.xml; path = Info.plist; sourceTree = "<group>"; };
		8B9060B81C0026A100D1E633 /* LoginJsonTests.xctest */ = {isa = PBXFileReference; explicitFileType = wrapper.cfbundle; includeInIndex = 0; path = LoginJsonTests.xctest; sourceTree = BUILT_PRODUCTS_DIR; };
		8B9060BC1C0026A100D1E633 /* LoginJsonTests.m */ = {isa = PBXFileReference; lastKnownFileType = sourcecode.c.objc; path = LoginJsonTests.m; sourceTree = "<group>"; };
		8B9060BE1C0026A100D1E633 /* Info.plist */ = {isa = PBXFileReference; lastKnownFileType = text.plist.xml; path = Info.plist; sourceTree = "<group>"; };
		8B9060C31C0026A100D1E633 /* LoginJsonUITests.xctest */ = {isa = PBXFileReference; explicitFileType = wrapper.cfbundle; includeInIndex = 0; path = LoginJsonUITests.xctest; sourceTree = BUILT_PRODUCTS_DIR; };
		8B9060C71C0026A100D1E633 /* LoginJsonUITests.m */ = {isa = PBXFileReference; lastKnownFileType = sourcecode.c.objc; path = LoginJsonUITests.m; sourceTree = "<group>"; };
		8B9060C91C0026A100D1E633 /* Info.plist */ = {isa = PBXFileReference; lastKnownFileType = text.plist.xml; path = Info.plist; sourceTree = "<group>"; };
/* End PBXFileReference section */

/* Begin PBXFrameworksBuildPhase section */
		8B90609C1C0026A100D1E633 /* Frameworks */ = {
			isa = PBXFrameworksBuildPhase;
			buildActionMask = 2147483647;
			files = (
			);
			runOnlyForDeploymentPostprocessing = 0;
		};
		8B9060B51C0026A100D1E633 /* Frameworks */ = {
			isa = PBXFrameworksBuildPhase;
			buildActionMask = 2147483647;
			files = (
			);
			runOnlyForDeploymentPostprocessing = 0;
		};
		8B9060C01C0026A100D1E633 /* Frameworks */ = {
			isa = PBXFrameworksBuildPhase;
			buildActionMask = 2147483647;
			files = (
			);
			runOnlyForDeploymentPostprocessing = 0;
		};
/* End PBXFrameworksBuildPhase section */

/* Begin PBXGroup section */
		8B9060961C0026A100D1E633 = {
			isa = PBXGroup;
			children = (
				8B9060A11C0026A100D1E633 /* LoginJson */,
				8B9060BB1C0026A100D1E633 /* LoginJsonTests */,
				8B9060C61C0026A100D1E633 /* LoginJsonUITests */,
				8B9060A01C0026A100D1E633 /* Products */,
			);
			sourceTree = "<group>";
		};
		8B9060A01C0026A100D1E633 /* Products */ = {
			isa = PBXGroup;
			children = (
				8B90609F1C0026A100D1E633 /* LoginJson.app */,
				8B9060B81C0026A100D1E633 /* LoginJsonTests.xctest */,
				8B9060C31C0026A100D1E633 /* LoginJsonUITests.xctest */,
			);
			name = Products;
			sourceTree = "<group>";
		};
		8B9060A11C0026A100D1E633 /* LoginJson */ = {
			isa = PBXGroup;
			children = (
				8B9060A51C0026A100D1E633 /* AppDelegate.h */,
				8B9060A61C0026A100D1E633 /* AppDelegate.m */,
				8B9060A81C0026A100D1E633 /* ViewController.h */,
				8B9060A91C0026A100D1E633 /* ViewController.m */,
				8B9060AB1C0026A100D1E633 /* Main.storyboard */,
				8B9060AE1C0026A100D1E633 /* Assets.xcassets */,
				8B9060B01C0026A100D1E633 /* LaunchScreen.storyboard */,
				8B9060B31C0026A100D1E633 /* Info.plist */,
				8B9060A21C0026A100D1E633 /* Supporting Files */,
			);
			path = LoginJson;
			sourceTree = "<group>";
		};
		8B9060A21C0026A100D1E633 /* Supporting Files */ = {
			isa = PBXGroup;
			children = (
				8B9060A31C0026A100D1E633 /* main.m */,
			);
			name = "Supporting Files";
			sourceTree = "<group>";
		};
		8B9060BB1C0026A100D1E633 /* LoginJsonTests */ = {
			isa = PBXGroup;
			children = (
				8B9060BC1C0026A100D1E633 /* LoginJsonTests.m */,
				8B9060BE1C0026A100D1E633 /* Info.plist */,
			);
			path = LoginJsonTests;
			sourceTree = "<group>";
		};
		8B9060C61C0026A100D1E633 /* LoginJsonUITests */ = {
			isa = PBXGroup;
			children = (
				8B9060C71C0026A100D1E633 /* LoginJsonUITests.m */,
				8B9060C91C0026A100D1E633 /* Info.plist */,
			);
			path = LoginJsonUITests;
			sourceTree = "<group>";
		};
/* End PBXGroup section */

/* Begin PBXNativeTarget section */
		8B90609E1C0026A100D1E633 /* LoginJson */ = {
			isa = PBXNativeTarget;
			buildConfigurationList = 8B9060CC1C0026A100D1E633 /* Build configuration list for PBXNativeTarget "LoginJson" */;
			buildPhases = (
				8B90609B1C0026A100D1E633 /* Sources */,
				8B90609C1C0026A100D1E633 /* Frameworks */,
				8B90609D1C0026A100D1E633 /* Resources */,
			);
			buildRules = (
			);
			dependencies = (
			);
			name = LoginJson;
			productName = LoginJson;
			productReference = 8B90609F1C0026A100D1E633 /* LoginJson.app */;
			productType = "com.apple.product-type.application";
		};
		8B9060B71C0026A100D1E633 /* LoginJsonTests */ = {
			isa = PBXNativeTarget;
			buildConfigurationList = 8B9060CF1C0026A100D1E633 /* Build configuration list for PBXNativeTarget "LoginJsonTests" */;
			buildPhases = (
				8B9060B41C0026A100D1E633 /* Sources */,
				8B9060B51C0026A100D1E633 /* Frameworks */,
				8B9060B61C0026A100D1E633 /* Resources */,
			);
			buildRules = (
			);
			dependencies = (
				8B9060BA1C0026A100D1E633 /* PBXTargetDependency */,
			);
			name = LoginJsonTests;
			productName = LoginJsonTests;
			productReference = 8B9060B81C0026A100D1E633 /* LoginJsonTests.xctest */;
			productType = "com.apple.product-type.bundle.unit-test";
		};
		8B9060C21C0026A100D1E633 /* LoginJsonUITests */ = {
			isa = PBXNativeTarget;
			buildConfigurationList = 8B9060D21C0026A100D1E633 /* Build configuration list for PBXNativeTarget "LoginJsonUITests" */;
			buildPhases = (
				8B9060BF1C0026A100D1E633 /* Sources */,
				8B9060C01C0026A100D1E633 /* Frameworks */,
				8B9060C11C0026A100D1E633 /* Resources */,
			);
			buildRules = (
			);
			dependencies = (
				8B9060C51C0026A100D1E633 /* PBXTargetDependency */,
			);
			name = LoginJsonUITests;
			productName = LoginJsonUITests;
			productReference = 8B9060C31C0026A100D1E633 /* LoginJsonUITests.xctest */;
			productType = "com.apple.product-type.bundle.ui-testing";
		};
/* End PBXNativeTarget section */

/* Begin PBXProject section */
		8B9060971C0026A100D1E633 /* Project object */ = {
			isa = PBXProject;
			attributes = {
				LastUpgradeCheck = 0710;
				ORGANIZATIONNAME = Khushboo;
				TargetAttributes = {
					8B90609E1C0026A100D1E633 = {
						CreatedOnToolsVersion = 7.1.1;
					};
					8B9060B71C0026A100D1E633 = {
						CreatedOnToolsVersion = 7.1.1;
						TestTargetID = 8B90609E1C0026A100D1E633;
					};
					8B9060C21C0026A100D1E633 = {
						CreatedOnToolsVersion = 7.1.1;
						TestTargetID = 8B90609E1C0026A100D1E633;
					};
				};
			};
			buildConfigurationList = 8B90609A1C0026A100D1E633 /* Build configuration list for PBXProject "LoginJson" */;
			compatibilityVersion = "Xcode 3.2";
			developmentRegion = English;
			hasScannedForEncodings = 0;
			knownRegions = (
				en,
				Base,
			);
			mainGroup = 8B9060961C0026A100D1E633;
			productRefGroup = 8B9060A01C0026A100D1E633 /* Products */;
			projectDirPath = "";
			projectRoot = "";
			targets = (
				8B90609E1C0026A100D1E633 /* LoginJson */,
				8B9060B71C0026A100D1E633 /* LoginJsonTests */,
				8B9060C21C0026A100D1E633 /* LoginJsonUITests */,
			);
		};
/* End PBXProject section */

/* Begin PBXResourcesBuildPhase section */
		8B90609D1C0026A100D1E633 /* Resources */ = {
			isa = PBXResourcesBuildPhase;
			buildActionMask = 2147483647;
			files = (
				8B9060B21C0026A100D1E633 /* LaunchScreen.storyboard in Resources */,
				8B9060AF1C0026A100D1E633 /* Assets.xcassets in Resources */,
				8B9060AD1C0026A100D1E633 /* Main.storyboard in Resources */,
			);
			runOnlyForDeploymentPostprocessing = 0;
		};
		8B9060B61C0026A100D1E633 /* Resources */ = {
			isa = PBXResourcesBuildPhase;
			buildActionMask = 2147483647;
			files = (
			);
			runOnlyForDeploymentPostprocessing = 0;
		};
		8B9060C11C0026A100D1E633 /* Resources */ = {
			isa = PBXResourcesBuildPhase;
			buildActionMask = 2147483647;
			files = (
			);
			runOnlyForDeploymentPostprocessing = 0;
		};
/* End PBXResourcesBuildPhase section */

/* Begin PBXSourcesBuildPhase section */
		8B90609B1C0026A100D1E633 /* Sources */ = {
			isa = PBXSourcesBuildPhase;
			buildActionMask = 2147483647;
			files = (
				8B9060AA1C0026A100D1E633 /* ViewController.m in Sources */,
				8B9060A71C0026A100D1E633 /* AppDelegate.m in Sources */,
				8B9060A41C0026A100D1E633 /* main.m in Sources */,
			);
			runOnlyForDeploymentPostprocessing = 0;
		};
		8B9060B41C0026A100D1E633 /* Sources */ = {
			isa = PBXSourcesBuildPhase;
			buildActionMask = 2147483647;
			files = (
				8B9060BD1C0026A100D1E633 /* LoginJsonTests.m in Sources */,
			);
			runOnlyForDeploymentPostprocessing = 0;
		};
		8B9060BF1C0026A100D1E633 /* Sources */ = {
			isa = PBXSourcesBuildPhase;
			buildActionMask = 2147483647;
			files = (
				8B9060C81C0026A100D1E633 /* LoginJsonUITests.m in Sources */,
			);
			runOnlyForDeploymentPostprocessing = 0;
		};
/* End PBXSourcesBuildPhase section */

/* Begin PBXTargetDependency section */
		8B9060BA1C0026A100D1E633 /* PBXTargetDependency */ = {
			isa = PBXTargetDependency;
			target = 8B90609E1C0026A100D1E633 /* LoginJson */;
			targetProxy = 8B9060B91C0026A100D1E633 /* PBXContainerItemProxy */;
		};
		8B9060C51C0026A100D1E633 /* PBXTargetDependency */ = {
			isa = PBXTargetDependency;
			target = 8B90609E1C0026A100D1E633 /* LoginJson */;
			targetProxy = 8B9060C41C0026A100D1E633 /* PBXContainerItemProxy */;
		};
/* End PBXTargetDependency section */

/* Begin PBXVariantGroup section */
		8B9060AB1C0026A100D1E633 /* Main.storyboard */ = {
			isa = PBXVariantGroup;
			children = (
				8B9060AC1C0026A100D1E633 /* Base */,
			);
			name = Main.storyboard;
			sourceTree = "<group>";
		};
		8B9060B01C0026A100D1E633 /* LaunchScreen.storyboard */ = {
			isa = PBXVariantGroup;
			children = (
				8B9060B11C0026A100D1E633 /* Base */,
			);
			name = LaunchScreen.storyboard;
			sourceTree = "<group>";
		};
/* End PBXVariantGroup section */

/* Begin XCBuildConfiguration section */
		8B9060CA1C0026A100D1E633 /* Debug */ = {
			isa = XCBuildConfiguration;
			buildSettings = {
				ALWAYS_SEARCH_USER_PATHS = NO;
				CLANG_CXX_LANGUAGE_STANDARD = "gnu++0x";
				CLANG_CXX_LIBRARY = "libc++";
				CLANG_ENABLE_MODULES = YES;
				CLANG_ENABLE_OBJC_ARC = YES;
				CLANG_WARN_BOOL_CONVERSION = YES;
				CLANG_WARN_CONSTANT_CONVERSION = YES;
				CLANG_WARN_DIRECT_OBJC_ISA_USAGE = YES_ERROR;
				CLANG_WARN_EMPTY_BODY = YES;
				CLANG_WARN_ENUM_CONVERSION = YES;
				CLANG_WARN_INT_CONVERSION = YES;
				CLANG_WARN_OBJC_ROOT_CLASS = YES_ERROR;
				CLANG_WARN_UNREACHABLE_CODE = YES;
				CLANG_WARN__DUPLICATE_METHOD_MATCH = YES;
				"CODE_SIGN_IDENTITY[sdk=iphoneos*]" = "iPhone Developer";
				COPY_PHASE_STRIP = NO;
				DEBUG_INFORMATION_FORMAT = dwarf;
				ENABLE_STRICT_OBJC_MSGSEND = YES;
				ENABLE_TESTABILITY = YES;
				GCC_C_LANGUAGE_STANDARD = gnu99;
				GCC_DYNAMIC_NO_PIC = NO;
				GCC_NO_COMMON_BLOCKS = YES;
				GCC_OPTIMIZATION_LEVEL = 0;
				GCC_PREPROCESSOR_DEFINITIONS = (
					"DEBUG=1",
					"$(inherited)",
				);
				GCC_WARN_64_TO_32_BIT_CONVERSION = YES;
				GCC_WARN_ABOUT_RETURN_TYPE = YES_ERROR;
				GCC_WARN_UNDECLARED_SELECTOR = YES;
				GCC_WARN_UNINITIALIZED_AUTOS = YES_AGGRESSIVE;
				GCC_WARN_UNUSED_FUNCTION = YES;
				GCC_WARN_UNUSED_VARIABLE = YES;
				IPHONEOS_DEPLOYMENT_TARGET = 9.1;
				MTL_ENABLE_DEBUG_INFO = YES;
				ONLY_ACTIVE_ARCH = YES;
				SDKROOT = iphoneos;
				TARGETED_DEVICE_FAMILY = "1,2";
			};
			name = Debug;
		};
		8B9060CB1C0026A100D1E633 /* Release */ = {
			isa = XCBuildConfiguration;
			buildSettings = {
				ALWAYS_SEARCH_USER_PATHS = NO;
				CLANG_CXX_LANGUAGE_STANDARD = "gnu++0x";
				CLANG_CXX_LIBRARY = "libc++";
				CLANG_ENABLE_MODULES = YES;
				CLANG_ENABLE_OBJC_ARC = YES;
				CLANG_WARN_BOOL_CONVERSION = YES;
				CLANG_WARN_CONSTANT_CONVERSION = YES;
				CLANG_WARN_DIRECT_OBJC_ISA_USAGE = YES_ERROR;
				CLANG_WARN_EMPTY_BODY = YES;
				CLANG_WARN_ENUM_CONVERSION = YES;
				CLANG_WARN_INT_CONVERSION = YES;
				CLANG_WARN_OBJC_ROOT_CLASS = YES_ERROR;
				CLANG_WARN_UNREACHABLE_CODE = YES;
				CLANG_WARN__DUPLICATE_METHOD_MATCH = YES;
				"CODE_SIGN_IDENTITY[sdk=iphoneos*]" = "iPhone Developer";
				COPY_PHASE_STRIP = NO;
				DEBUG_INFORMATION_FORMAT = "dwarf-with-dsym";
				ENABLE_NS_ASSERTIONS = NO;
				ENABLE_STRICT_OBJC_MSGSEND = YES;
				GCC_C_LANGUAGE_STANDARD = gnu99;
				GCC_NO_COMMON_BLOCKS = YES;
				GCC_WARN_64_TO_32_BIT_CONVERSION = YES;
				GCC_WARN_ABOUT_RETURN_TYPE = YES_ERROR;
				GCC_WARN_UNDECLARED_SELECTOR = YES;
				GCC_WARN_UNINITIALIZED_AUTOS = YES_AGGRESSIVE;
				GCC_WARN_UNUSED_FUNCTION = YES;
				GCC_WARN_UNUSED_VARIABLE = YES;
				IPHONEOS_DEPLOYMENT_TARGET = 9.1;
				MTL_ENABLE_DEBUG_INFO = NO;
				SDKROOT = iphoneos;
				TARGETED_DEVICE_FAMILY = "1,2";
				VALIDATE_PRODUCT = YES;
			};
			name = Release;
		};
		8B9060CD1C0026A100D1E633 /* Debug */ = {
			isa = XCBuildConfiguration;
			buildSettings = {
				ASSETCATALOG_COMPILER_APPICON_NAME = AppIcon;
				INFOPLIST_FILE = LoginJson/Info.plist;
				LD_RUNPATH_SEARCH_PATHS = "$(inherited) @executable_path/Frameworks";
				PRODUCT_BUNDLE_IDENTIFIER = com.new.LoginJson;
				PRODUCT_NAME = "$(TARGET_NAME)";
			};
			name = Debug;
		};
		8B9060CE1C0026A100D1E633 /* Release */ = {
			isa = XCBuildConfiguration;
			buildSettings = {
				ASSETCATALOG_COMPILER_APPICON_NAME = AppIcon;
				INFOPLIST_FILE = LoginJson/Info.plist;
				LD_RUNPATH_SEARCH_PATHS = "$(inherited) @executable_path/Frameworks";
				PRODUCT_BUNDLE_IDENTIFIER = com.new.LoginJson;
				PRODUCT_NAME = "$(TARGET_NAME)";
			};
			name = Release;
		};
		8B9060D01C0026A100D1E633 /* Debug */ = {
			isa = XCBuildConfiguration;
			buildSettings = {
				BUNDLE_LOADER = "$(TEST_HOST)";
				INFOPLIST_FILE = LoginJsonTests/Info.plist;
				LD_RUNPATH_SEARCH_PATHS = "$(inherited) @executable_path/Frameworks @loader_path/Frameworks";
				PRODUCT_BUNDLE_IDENTIFIER = com.new.LoginJsonTests;
				PRODUCT_NAME = "$(TARGET_NAME)";
				TEST_HOST = "$(BUILT_PRODUCTS_DIR)/LoginJson.app/LoginJson";
			};
			name = Debug;
		};
		8B9060D11C0026A100D1E633 /* Release */ = {
			isa = XCBuildConfiguration;
			buildSettings = {
				BUNDLE_LOADER = "$(TEST_HOST)";
				INFOPLIST_FILE = LoginJsonTests/Info.plist;
				LD_RUNPATH_SEARCH_PATHS = "$(inherited) @executable_path/Frameworks @loader_path/Frameworks";
				PRODUCT_BUNDLE_IDENTIFIER = com.new.LoginJsonTests;
				PRODUCT_NAME = "$(TARGET_NAME)";
				TEST_HOST = "$(BUILT_PRODUCTS_DIR)/LoginJson.app/LoginJson";
			};
			name = Release;
		};
		8B9060D31C0026A100D1E633 /* Debug */ = {
			isa = XCBuildConfiguration;
			buildSettings = {
				INFOPLIST_FILE = LoginJsonUITests/Info.plist;
				LD_RUNPATH_SEARCH_PATHS = "$(inherited) @executable_path/Frameworks @loader_path/Frameworks";
				PRODUCT_BUNDLE_IDENTIFIER = com.new.LoginJsonUITests;
				PRODUCT_NAME = "$(TARGET_NAME)";
				TEST_TARGET_NAME = LoginJson;
				USES_XCTRUNNER = YES;
			};
			name = Debug;
		};
		8B9060D41C0026A100D1E633 /* Release */ = {
			isa = XCBuildConfiguration;
			buildSettings = {
				INFOPLIST_FILE = LoginJsonUITests/Info.plist;
				LD_RUNPATH_SEARCH_PATHS = "$(inherited) @executable_path/Frameworks @loader_path/Frameworks";
				PRODUCT_BUNDLE_IDENTIFIER = com.new.LoginJsonUITests;
				PRODUCT_NAME = "$(TARGET_NAME)";
				TEST_TARGET_NAME = LoginJson;
				USES_XCTRUNNER = YES;
			};
			name = Release;
		};
/* End XCBuildConfiguration section */

/* Begin XCConfigurationList section */
		8B90609A1C0026A100D1E633 /* Build configuration list for PBXProject "LoginJson" */ = {
			isa = XCConfigurationList;
			buildConfigurations = (
				8B9060CA1C0026A100D1E633 /* Debug */,
				8B9060CB1C0026A100D1E633 /* Release */,
			);
			defaultConfigurationIsVisible = 0;
			defaultConfigurationName = Release;
		};
		8B9060CC1C0026A100D1E633 /* Build configuration list for PBXNativeTarget "LoginJson" */ = {
			isa = XCConfigurationList;
			buildConfigurations = (
				8B9060CD1C0026A100D1E633 /* Debug */,
				8B9060CE1C0026A100D1E633 /* Release */,
			);
			defaultConfigurationIsVisible = 0;
		};
		8B9060CF1C0026A100D1E633 /* Build configuration list for PBXNativeTarget "LoginJsonTests" */ = {
			isa = XCConfigurationList;
			buildConfigurations = (
				8B9060D01C0026A100D1E633 /* Debug */,
				8B9060D11C0026A100D1E633 /* Release */,
			);
			defaultConfigurationIsVisible = 0;
		};
		8B9060D21C0026A100D1E633 /* Build configuration list for PBXNativeTarget "LoginJsonUITests" */ = {
			isa = XCConfigurationList;
			buildConfigurations = (
				8B9060D31C0026A100D1E633 /* Debug */,
				8B9060D41C0026A100D1E633 /* Release */,
			);
			defaultConfigurationIsVisible = 0;
		};
/* End XCConfigurationList section */
	};
	rootObject = 8B9060971C0026A100D1E633 /* Project object */;
}
